// !$*UTF8*$!
{
	archiveVersion = 1;
	classes = {
	};
	objectVersion = 77;
	objects = {

/* Begin PBXBuildFile section */
		00B9E34A8D61BEA990358B44 /* RightClick.swift in Sources */ = {isa = PBXBuildFile; fileRef = B68673860967A4DAB1EA16FA /* RightClick.swift */; };
		023EC9AA6FA53D68B5BFF515 /* CalculatorCoordinator.swift in Sources */ = {isa = PBXBuildFile; fileRef = BBE44AD7CADBDEDE80F3ACB7 /* CalculatorCoordinator.swift */; };
		05574C825EA3722248A37879 /* FavoritesStore.swift in Sources */ = {isa = PBXBuildFile; fileRef = 940E10C0761D9267184C8EBD /* FavoritesStore.swift */; };
		05A23381D65E68F4AD6F2FD0 /* CalcCurrency.swift in Sources */ = {isa = PBXBuildFile; fileRef = 10B4F03BA5D286F5A25B7BC8 /* CalcCurrency.swift */; };
		05C551B515D364F31C845F33 /* LaunchAtLogin.swift in Sources */ = {isa = PBXBuildFile; fileRef = 127EFC9A6EF236C31283D4FA /* LaunchAtLogin.swift */; };
		085DEFA7A58F32AF5B4C43EB /* CalcFormatter.swift in Sources */ = {isa = PBXBuildFile; fileRef = 27F2FC2999A872CED0B69D3A /* CalcFormatter.swift */; };
		0E24D5F720D6C0C99257F787 /* WindowActionMemory.swift in Sources */ = {isa = PBXBuildFile; fileRef = 5E6FE517CCF9B2BB4E1B7825 /* WindowActionMemory.swift */; };
		111452FAE652430B75D04887 /* PaletteScreen.swift in Sources */ = {isa = PBXBuildFile; fileRef = 68A3114205263DF64A689621 /* PaletteScreen.swift */; };
		1A5FEF19FE3C9B7B749B9574 /* EmojiData.generated.swift in Sources */ = {isa = PBXBuildFile; fileRef = 62F1B227B244CCBCD72C2CA9 /* EmojiData.generated.swift */; };
		1B75FC557B5E5C027947B29E /* PalettePanel.swift in Sources */ = {isa = PBXBuildFile; fileRef = 0BE551CEE8B674FBB2DB49EA /* PalettePanel.swift */; };
		1C0C3CB88AABBA8F4AA04046 /* PaletteRow.swift in Sources */ = {isa = PBXBuildFile; fileRef = 74640B41568BC7C7A90A3115 /* PaletteRow.swift */; };
		1DC8A0DE53EBAA6EB2F36259 /* CurrencyRateStore.swift in Sources */ = {isa = PBXBuildFile; fileRef = 65C25106F5FCF77837811B97 /* CurrencyRateStore.swift */; };
		1EC6DCB6001A538375C06F6C /* CurrencyData.generated.swift in Sources */ = {isa = PBXBuildFile; fileRef = D7BA64F1EDCEFA645DF92079 /* CurrencyData.generated.swift */; };
		21381D073D89E1FC7A5182A9 /* SnippetSettingsView.swift in Sources */ = {isa = PBXBuildFile; fileRef = 5386785E3005CEB050117CCD /* SnippetSettingsView.swift */; };
		2273EFCCB62BCA189B0DEFE1 /* CalcDateTime.swift in Sources */ = {isa = PBXBuildFile; fileRef = AD5C33EA1F5AC03F4F27D7EC /* CalcDateTime.swift */; };
		23E5DB23DDFA2DC54550D828 /* EmojiSettingsView.swift in Sources */ = {isa = PBXBuildFile; fileRef = 6CBDBDA7A914809B55FF32FE /* EmojiSettingsView.swift */; };
		24AF6611A66DCFC99BA04CC7 /* SystemCommandCoordinator.swift in Sources */ = {isa = PBXBuildFile; fileRef = 674FA64DC1FA50EF85C27C45 /* SystemCommandCoordinator.swift */; };
		25D52944D0E133CD108CB844 /* Assets.xcassets in Resources */ = {isa = PBXBuildFile; fileRef = B8243C4190704B957722DE7C /* Assets.xcassets */; };
		268A0AA46BDD9288633D3EE0 /* ThinScrollbar.swift in Sources */ = {isa = PBXBuildFile; fileRef = 0AFF513A7B07382D36DBC6DE /* ThinScrollbar.swift */; };
		27DD0CBDACC2576D50361390 /* RootPaletteView.swift in Sources */ = {isa = PBXBuildFile; fileRef = F207135F1CF766FD9A4491E0 /* RootPaletteView.swift */; };
		28918546E9AE109851807DA8 /* EmojiGridView.swift in Sources */ = {isa = PBXBuildFile; fileRef = FFFDB5FB4C753F6AEDC7F91A /* EmojiGridView.swift */; };
		2B32C93D8A2859E131F34B84 /* NotificationToken.swift in Sources */ = {isa = PBXBuildFile; fileRef = B0C47EBB3D225F264CAC6825 /* NotificationToken.swift */; };
		2C5CE27DEF8D4A07A8271113 /* CommandRegistry.swift in Sources */ = {isa = PBXBuildFile; fileRef = C6CCAFA1285E322F00F12165 /* CommandRegistry.swift */; };
		2C5D9246CB838B9D8CE12815 /* LauncherCoordinator.swift in Sources */ = {isa = PBXBuildFile; fileRef = DBFE29D81E7FCB405F53F073 /* LauncherCoordinator.swift */; };
		2CB280034CD9583282C3E272 /* WindowManagementSettingsView.swift in Sources */ = {isa = PBXBuildFile; fileRef = 24327BF95ACECC0F482B1D25 /* WindowManagementSettingsView.swift */; };
		33C2862B8FA034D7B6629E43 /* UninstallSession.swift in Sources */ = {isa = PBXBuildFile; fileRef = 91D28AED6648315A46CD89C3 /* UninstallSession.swift */; };
		3B0091B23F62C6BEF7D71CE3 /* AppSettings.swift in Sources */ = {isa = PBXBuildFile; fileRef = E5FFCD6A8CF234A14631EA33 /* AppSettings.swift */; };
		3B619A3C3A2C100CEA52FDC9 /* InlineArgument.swift in Sources */ = {isa = PBXBuildFile; fileRef = AF824A314057E4C193483274 /* InlineArgument.swift */; };
		3E1749B1DF98F13F2E7A3867 /* PaletteFooterControls.swift in Sources */ = {isa = PBXBuildFile; fileRef = EFB627B29E6DD1FE01D27B00 /* PaletteFooterControls.swift */; };
		42FBE731682681251121D21F /* QuicklinkPaletteScreen.swift in Sources */ = {isa = PBXBuildFile; fileRef = C30F6729865EB380623B6909 /* QuicklinkPaletteScreen.swift */; };
		432F53FC304B86D7F48B1EC7 /* AppLauncher.swift in Sources */ = {isa = PBXBuildFile; fileRef = 16EF20D6D40812470F28F1A2 /* AppLauncher.swift */; };
		4B2265767404C02D0088F41C /* PaletteListLayout.swift in Sources */ = {isa = PBXBuildFile; fileRef = 30278F74390991460390F76B /* PaletteListLayout.swift */; };
		4BE8F596C87E28C20A958FBF /* ClipboardSettingsView.swift in Sources */ = {isa = PBXBuildFile; fileRef = 6D2CEC6B747A3F7FDA120991 /* ClipboardSettingsView.swift */; };
		4C3EE7AEF172CF321F383BFC /* SearchScopes.swift in Sources */ = {isa = PBXBuildFile; fileRef = 3F2A51A0280BDE282048EDFA /* SearchScopes.swift */; };
		4CEE633FBC9D6C0632B10DDE /* PaletteGridGeometry.swift in Sources */ = {isa = PBXBuildFile; fileRef = 8A25B090DDAD6A830844B799 /* PaletteGridGeometry.swift */; };
		4D620051B1C2961C7AF55D58 /* VisibilityStore.swift in Sources */ = {isa = PBXBuildFile; fileRef = E9299D3A11818FC0597CACB6 /* VisibilityStore.swift */; };
		4E82965EA91AF5D36171CD47 /* AboutView.swift in Sources */ = {isa = PBXBuildFile; fileRef = 63CBA6A6B74BE5D0160E245F /* AboutView.swift */; };
		51CE208E7EF0DC64AF1FFCB3 /* LauncherRankingStore.swift in Sources */ = {isa = PBXBuildFile; fileRef = 0F7D1A5D76D5B45283D2BA36 /* LauncherRankingStore.swift */; };
		530B4CB03AEDD68CC41E5F4D /* ImageThumbnail.swift in Sources */ = {isa = PBXBuildFile; fileRef = FE14EBBC60089E73C43859B0 /* ImageThumbnail.swift */; };
		5659B21346819C3643D3F18F /* SnippetViews.swift in Sources */ = {isa = PBXBuildFile; fileRef = 875391F4D0BC13ECB4B3D591 /* SnippetViews.swift */; };
		565E7BEE401B41804BBFB18B /* SnippetExpansionMonitor.swift in Sources */ = {isa = PBXBuildFile; fileRef = 0C3352BC466A860755602E1A /* SnippetExpansionMonitor.swift */; };
		575FFC5E74A97CD36BFBE214 /* UninstallView.swift in Sources */ = {isa = PBXBuildFile; fileRef = 07FD0F81328FD899D97306F5 /* UninstallView.swift */; };
		59A028CB46A978F4742E6E79 /* QuicklinkStore.swift in Sources */ = {isa = PBXBuildFile; fileRef = 7D7122D966A24A349FC8D147 /* QuicklinkStore.swift */; };
		5DC2CEC99086A8137BD27C4C /* PaletteDetailLayout.swift in Sources */ = {isa = PBXBuildFile; fileRef = 4E22AE71B45DBB7485739198 /* PaletteDetailLayout.swift */; };
		5E0C966995DA8748D609DEF9 /* QuicklinkCoordinator.swift in Sources */ = {isa = PBXBuildFile; fileRef = A0AFF8E90608331A98212251 /* QuicklinkCoordinator.swift */; };
		618698C098B30C23C0C2F4B4 /* UninstallCoordinator.swift in Sources */ = {isa = PBXBuildFile; fileRef = E988E0784C404426D4E2076C /* UninstallCoordinator.swift */; };
		620AFAFC4D17507ED92F137B /* EmojiIndex.swift in Sources */ = {isa = PBXBuildFile; fileRef = 3F6BACE99C5CB59D77200F49 /* EmojiIndex.swift */; };
		637E926418BC8A67C337C305 /* SnippetCoordinator.swift in Sources */ = {isa = PBXBuildFile; fileRef = 0A0F48BD3DCA94294DB5D51F /* SnippetCoordinator.swift */; };
		66A2C3E0CE8B005F7280FF75 /* CalcQuantity.swift in Sources */ = {isa = PBXBuildFile; fileRef = 3DCF9F9AB89A05201D459D5C /* CalcQuantity.swift */; };
		6C81DC37815ABE6B47AC461F /* ClipboardView.swift in Sources */ = {isa = PBXBuildFile; fileRef = DFFA196847EC88A7B596C25F /* ClipboardView.swift */; };
		6EE1688AF9F0D105FE34015E /* CalcPercent.swift in Sources */ = {isa = PBXBuildFile; fileRef = 4825D4EB6CE04F75D1734907 /* CalcPercent.swift */; };
		71E58394F92D60A0279619CC /* ClipboardStore.swift in Sources */ = {isa = PBXBuildFile; fileRef = CE7065BEF9CE4DC91DF6AB79 /* ClipboardStore.swift */; };
		7288317B7E9CDFE36FC71965 /* PaletteModel.swift in Sources */ = {isa = PBXBuildFile; fileRef = A1BCFDFCAD58C3CA44F78502 /* PaletteModel.swift */; };
		777D84384121196FA858980B /* DialogController.swift in Sources */ = {isa = PBXBuildFile; fileRef = CB566B7E5349ED5CABA4DAB7 /* DialogController.swift */; };
		7895B0D4210A1A7C448B22FE /* PaletteInlineArguments.swift in Sources */ = {isa = PBXBuildFile; fileRef = 500BB7695C1113D18A44C4AB /* PaletteInlineArguments.swift */; };
		798221EDB667AB353D06A70F /* RunningApps.swift in Sources */ = {isa = PBXBuildFile; fileRef = 6A32A89638CE8A0B1CE4DCA5 /* RunningApps.swift */; };
		7EAA111683AEC5362EB96CD0 /* SettingsPaneScanner.swift in Sources */ = {isa = PBXBuildFile; fileRef = C60728FA7ECBA4A6941894DA /* SettingsPaneScanner.swift */; };
		7EC5DB64F545071ED8804B9A /* QuicklinkSettingsView.swift in Sources */ = {isa = PBXBuildFile; fileRef = 75436CB1E5583DCA4C5B448A /* QuicklinkSettingsView.swift */; };
		7FA75FD9CF1CC88E5613A91E /* SettingsComponents.swift in Sources */ = {isa = PBXBuildFile; fileRef = 6611BAE04ECE3A8A6B2E742B /* SettingsComponents.swift */; };
		7FD959DB96807179DA22BD5D /* SettingsRootView.swift in Sources */ = {isa = PBXBuildFile; fileRef = 31A0FDBB98365DA92EA6AFE4 /* SettingsRootView.swift */; };
		80E9D647D2B8CD2EDF6A9568 /* HotKeyCenter.swift in Sources */ = {isa = PBXBuildFile; fileRef = B19CF7194BA319940855490A /* HotKeyCenter.swift */; };
		828B704E20D07C637B1CD357 /* Theme.swift in Sources */ = {isa = PBXBuildFile; fileRef = 78B8F73B54E3A12653A07758 /* Theme.swift */; };
		8586F03BA9F0A81BB8F72C94 /* KeyShortcut.swift in Sources */ = {isa = PBXBuildFile; fileRef = 99B8D42FF35FB483E493A33E /* KeyShortcut.swift */; };
		866C4587496F4B85EB667C6E /* CalcParser.swift in Sources */ = {isa = PBXBuildFile; fileRef = 9980F97930D150E0CAB7FC0F /* CalcParser.swift */; };
		872D0E2355470A83824152CA /* CalcEngine.swift in Sources */ = {isa = PBXBuildFile; fileRef = AF330375C25EECC6F56D2C88 /* CalcEngine.swift */; };
		8752558F201BD5E1E51E6335 /* QuicklinkViews.swift in Sources */ = {isa = PBXBuildFile; fileRef = 5AC3C9115B942FC4E9128168 /* QuicklinkViews.swift */; };
		87ADA5CF0D871BC1C12EB590 /* ShortcutRecorder.swift in Sources */ = {isa = PBXBuildFile; fileRef = 0993325B754EBE41A8B80761 /* ShortcutRecorder.swift */; };
		89696F5D0EFF68BC84533F45 /* SystemCommand.swift in Sources */ = {isa = PBXBuildFile; fileRef = 92D4799C926C47AAFF99A4B0 /* SystemCommand.swift */; };
		8F10E95EFDAEE9E4598344BF /* ToastWindowController.swift in Sources */ = {isa = PBXBuildFile; fileRef = 918EFF3C890F25F6F071AD28 /* ToastWindowController.swift */; };
		9494037D81736229E0E92BA1 /* EmojiPaletteScreen.swift in Sources */ = {isa = PBXBuildFile; fileRef = 68466DCC9DE38D272F199629 /* EmojiPaletteScreen.swift */; };
		976716075FC16AFAFD86EE50 /* PaletteActionLayout.swift in Sources */ = {isa = PBXBuildFile; fileRef = DA59B54CFE9ECFC4E9BC59C3 /* PaletteActionLayout.swift */; };
		98C521BB8F67770261F41C83 /* AppCore.swift in Sources */ = {isa = PBXBuildFile; fileRef = BD4BAE776F74D89EAE580D21 /* AppCore.swift */; };
		9A5F5FC52CC79A8FA9B95189 /* PaletteGridLayout.swift in Sources */ = {isa = PBXBuildFile; fileRef = BEE56DB2B6758ECB4018C45D /* PaletteGridLayout.swift */; };
		9B8D64884367ACA4CE764B97 /* PaletteSelectionIndex.swift in Sources */ = {isa = PBXBuildFile; fileRef = 0C1555E09E35D697CD70133B /* PaletteSelectionIndex.swift */; };
		9D3F92ACE5AFEF38FC4BAA4A /* AppLeftovers.swift in Sources */ = {isa = PBXBuildFile; fileRef = F2B0AE140DC6852FFFDB7DF1 /* AppLeftovers.swift */; };
		A49DECCC1161194E88EABA36 /* Memo.swift in Sources */ = {isa = PBXBuildFile; fileRef = 4973359D768464832A31BF6A /* Memo.swift */; };
		A51481832B801FF992FDFEC9 /* SettingsSearchView.swift in Sources */ = {isa = PBXBuildFile; fileRef = 552B88B452A49B746957A344 /* SettingsSearchView.swift */; };
		A584EFE4141003F5DAD76D4C /* CalculatorSettingsView.swift in Sources */ = {isa = PBXBuildFile; fileRef = D1231005DCD5DC3AC9DA5E76 /* CalculatorSettingsView.swift */; };
		A8DB8C4F5C63787C17DDEB2C /* FeedbackToastView.swift in Sources */ = {isa = PBXBuildFile; fileRef = BBC2F5B04DBE7AA3635AFEB8 /* FeedbackToastView.swift */; };
		AA70967464636CA8C88F3DF9 /* ClipboardPaletteScreen.swift in Sources */ = {isa = PBXBuildFile; fileRef = 671AAC20B63D46404D59C6F2 /* ClipboardPaletteScreen.swift */; };
		AAB8870580A2D2459D3C12F6 /* AppDelegate.swift in Sources */ = {isa = PBXBuildFile; fileRef = DCCF4ED60F487B6C9945F732 /* AppDelegate.swift */; };
		AB524DD8A8CC11D72D90B318 /* SystemCommandRunner.swift in Sources */ = {isa = PBXBuildFile; fileRef = 0F0B8D47B41B82D097D2C647 /* SystemCommandRunner.swift */; };
		ABE8132D519C0FCBD96FAE49 /* ClipboardManager.swift in Sources */ = {isa = PBXBuildFile; fileRef = 077C33CE32FBE4C75697A091 /* ClipboardManager.swift */; };
		AC956878D84A9A8572B36B8E /* PermissionsSettingsView.swift in Sources */ = {isa = PBXBuildFile; fileRef = B8A31A5225BDE8E7012E20D3 /* PermissionsSettingsView.swift */; };
		AE191E430303072047400E98 /* UpdateStore.swift in Sources */ = {isa = PBXBuildFile; fileRef = AAFB97AB508CA397704FD1B0 /* UpdateStore.swift */; };
		AE763B2670B67A5132121A7E /* OnboardingState.swift in Sources */ = {isa = PBXBuildFile; fileRef = 594250C08A58761A1AFF0878 /* OnboardingState.swift */; };
		B6B6385BF48287B4D8F923E8 /* CalcUnits.swift in Sources */ = {isa = PBXBuildFile; fileRef = C1A79BAFDB9E5D0E550CEB8A /* CalcUnits.swift */; };
		B7853593700B36F107AF4EB1 /* HealthTicker.swift in Sources */ = {isa = PBXBuildFile; fileRef = 9356A98FAD1E4D55D00CE3D1 /* HealthTicker.swift */; };
		B885B4D0925B9462776514EE /* Bundle+AppName.swift in Sources */ = {isa = PBXBuildFile; fileRef = 9A06E277BC342596BF5AC8D3 /* Bundle+AppName.swift */; };
		B9073CD2127CADA6926127D1 /* WindowMover.swift in Sources */ = {isa = PBXBuildFile; fileRef = 99EDFF0C487A8DE2D05D548D /* WindowMover.swift */; };
		BAFFC8C302FB959E31870515 /* AppIndex.swift in Sources */ = {isa = PBXBuildFile; fileRef = A77212F0AE7D2165193E9FA6 /* AppIndex.swift */; };
		BB252D9F556C5906392D15C9 /* UninstallPaletteScreen.swift in Sources */ = {isa = PBXBuildFile; fileRef = 872EB9C1E78314EC5D47B785 /* UninstallPaletteScreen.swift */; };
		BC4DE96FAB6633B60633ACBA /* VisualEffectView.swift in Sources */ = {isa = PBXBuildFile; fileRef = D11ED0BE89DE989696E6748A /* VisualEffectView.swift */; };
		BE32E6E4A265FA24A26A1A4F /* WindowLayout.swift in Sources */ = {isa = PBXBuildFile; fileRef = 231C81AD238DE6D68FD61543 /* WindowLayout.swift */; };
		BEABF0E6BFF1455FC2EAC728 /* opencast.icon in Resources */ = {isa = PBXBuildFile; fileRef = EF13092E0848178BCF935120 /* opencast.icon */; };
		C23CF1344E41D598320856D8 /* ClipboardCoordinator.swift in Sources */ = {isa = PBXBuildFile; fileRef = FCC7F18143B7C379084A9555 /* ClipboardCoordinator.swift */; };
		C279BED9932E0CDD175BB56C /* AppPaths.swift in Sources */ = {isa = PBXBuildFile; fileRef = 8DDB33FADBABB5C580F93E6A /* AppPaths.swift */; };
		C7BBD88284A433C5B742DD67 /* NativeConfirmation.swift in Sources */ = {isa = PBXBuildFile; fileRef = 8B576C0D3BF5065648605C07 /* NativeConfirmation.swift */; };
		C8FD06184463AD7F0400664D /* EdgeDissolve.swift in Sources */ = {isa = PBXBuildFile; fileRef = 56CDDD43B77CBB97C7DA2AF0 /* EdgeDissolve.swift */; };
		C988076EB01611E460B010CF /* EmojiCatalog.swift in Sources */ = {isa = PBXBuildFile; fileRef = 083C35AE2C51533B8C45CE2D /* EmojiCatalog.swift */; };
		CB4EFBB6791980BC8E765B97 /* WindowCommand.swift in Sources */ = {isa = PBXBuildFile; fileRef = CD99123F24443E4E1F1A385E /* WindowCommand.swift */; };
		CBC599034E68686342502FFA /* Romanization.swift in Sources */ = {isa = PBXBuildFile; fileRef = 2CF30906FA0CB69CAE9012EB /* Romanization.swift */; };
		CF05991F60CFC148CB0BE63D /* EmojiCoordinator.swift in Sources */ = {isa = PBXBuildFile; fileRef = FE39A46B9EF9CE0259AE93BA /* EmojiCoordinator.swift */; };
		CF5639EA8AC617D25673A7D0 /* CalculatorCardView.swift in Sources */ = {isa = PBXBuildFile; fileRef = BE38B042EDB9B428B0371B97 /* CalculatorCardView.swift */; };
		D0C73501A1B15D2042A77EB9 /* LauncherView.swift in Sources */ = {isa = PBXBuildFile; fileRef = 27005C975775529D2439B4A4 /* LauncherView.swift */; };
		D499C33F8FB574B4FB112EC4 /* LauncherSettingsView.swift in Sources */ = {isa = PBXBuildFile; fileRef = F48F4C32ACE0359047A8CD3B /* LauncherSettingsView.swift */; };
		D7F0F9B6E556DA1DCA699F82 /* OpencastApp.swift in Sources */ = {isa = PBXBuildFile; fileRef = 942081E66F360E54E14B3ECB /* OpencastApp.swift */; };
		D837512DBD4D4CAB9720149E /* Paster.swift in Sources */ = {isa = PBXBuildFile; fileRef = 936CCA29527FD0ED914ADAD6 /* Paster.swift */; };
		DC27D3D34C1FA28537B6062A /* Sparkle in Frameworks */ = {isa = PBXBuildFile; productRef = 89D6771874FF01BCCB785ED1 /* Sparkle */; };
		E2ADFB0AF6E92866E8EF5BE3 /* QuicklinkActionsMenu.swift in Sources */ = {isa = PBXBuildFile; fileRef = C5C1F0D91AD655A596A4F605 /* QuicklinkActionsMenu.swift */; };
		E833C99EB70A37D5B91F8A2A /* SnippetStore.swift in Sources */ = {isa = PBXBuildFile; fileRef = 704C4312B2D9701235899FD6 /* SnippetStore.swift */; };
		E84F5355AE209297FD89AD6D /* SearchScopesView.swift in Sources */ = {isa = PBXBuildFile; fileRef = 4549BDF3A52CC558BFC8A434 /* SearchScopesView.swift */; };
		EA7F39EE7D7D24BF1D23CD23 /* SnippetActionsMenu.swift in Sources */ = {isa = PBXBuildFile; fileRef = DD7828F8E8D06ABDF3E82E4A /* SnippetActionsMenu.swift */; };
		EB3A6393CF2E93BA6A8DCEE5 /* WindowCommandCoordinator.swift in Sources */ = {isa = PBXBuildFile; fileRef = A877A7F16F347F11E3B9B205 /* WindowCommandCoordinator.swift */; };
		F1466C52915F3F6D3CB31B58 /* HotKeyManager.swift in Sources */ = {isa = PBXBuildFile; fileRef = E7FFF18ECC57AAC9678FA168 /* HotKeyManager.swift */; };
		F5201B807399F1C6E0863AE3 /* ShortcutsSettingsView.swift in Sources */ = {isa = PBXBuildFile; fileRef = D3A782BDD846463B97DA98A6 /* ShortcutsSettingsView.swift */; };
		F6ADD0AA978BAEE5357989A0 /* DoubleCommandMonitor.swift in Sources */ = {isa = PBXBuildFile; fileRef = 3641C2AEB1E4DC3B3066DC2A /* DoubleCommandMonitor.swift */; };
		F721F63A6940A983F12C41FE /* GeneralSettingsView.swift in Sources */ = {isa = PBXBuildFile; fileRef = F9B757ECE8217E75C25E12B2 /* GeneralSettingsView.swift */; };
		F72CCA30883C020A613B96FD /* SettingsSearchIndex.swift in Sources */ = {isa = PBXBuildFile; fileRef = 0A4A2E682436F11665363208 /* SettingsSearchIndex.swift */; };
		F8965B464BF2BCF3FB3A3D2E /* PaletteWindowController.swift in Sources */ = {isa = PBXBuildFile; fileRef = 1756742454982DC44E2F0966 /* PaletteWindowController.swift */; };
		F9D5A219BBE24E63A7264C9E /* Permissions.swift in Sources */ = {isa = PBXBuildFile; fileRef = D8AA4ED848DC56C2DDC275E9 /* Permissions.swift */; };
		FC6D5F45A04C6C81AFCA429C /* DoubleCommandDetector.swift in Sources */ = {isa = PBXBuildFile; fileRef = 160668751EC7A12AF93AF203 /* DoubleCommandDetector.swift */; };
		FCE96A895FE5346A25396D0B /* PopoverMenu.swift in Sources */ = {isa = PBXBuildFile; fileRef = 254B654315E0066980461CBA /* PopoverMenu.swift */; };
		FD1E47D09EF5686803D9DFFC /* FrequentEmojiStore.swift in Sources */ = {isa = PBXBuildFile; fileRef = 38E70D3FB1E5A007C99B9945 /* FrequentEmojiStore.swift */; };
		FDC5CFB6B7F9139B3EF917CD /* OverlayScroller.swift in Sources */ = {isa = PBXBuildFile; fileRef = 0EF902187738222AFC9461A5 /* OverlayScroller.swift */; };
		FF063921CF15BD46D854782C /* OnboardingView.swift in Sources */ = {isa = PBXBuildFile; fileRef = 66DE7F5A23C81E47A0DFA6B2 /* OnboardingView.swift */; };
/* End PBXBuildFile section */

/* Begin PBXFileReference section */
		077C33CE32FBE4C75697A091 /* ClipboardManager.swift */ = {isa = PBXFileReference; lastKnownFileType = sourcecode.swift; path = ClipboardManager.swift; sourceTree = "<group>"; };
		07FD0F81328FD899D97306F5 /* UninstallView.swift */ = {isa = PBXFileReference; lastKnownFileType = sourcecode.swift; path = UninstallView.swift; sourceTree = "<group>"; };
		083C35AE2C51533B8C45CE2D /* EmojiCatalog.swift */ = {isa = PBXFileReference; lastKnownFileType = sourcecode.swift; path = EmojiCatalog.swift; sourceTree = "<group>"; };
		0993325B754EBE41A8B80761 /* ShortcutRecorder.swift */ = {isa = PBXFileReference; lastKnownFileType = sourcecode.swift; path = ShortcutRecorder.swift; sourceTree = "<group>"; };
		0A0F48BD3DCA94294DB5D51F /* SnippetCoordinator.swift */ = {isa = PBXFileReference; lastKnownFileType = sourcecode.swift; path = SnippetCoordinator.swift; sourceTree = "<group>"; };
		0A4A2E682436F11665363208 /* SettingsSearchIndex.swift */ = {isa = PBXFileReference; lastKnownFileType = sourcecode.swift; path = SettingsSearchIndex.swift; sourceTree = "<group>"; };
		0AFF513A7B07382D36DBC6DE /* ThinScrollbar.swift */ = {isa = PBXFileReference; lastKnownFileType = sourcecode.swift; path = ThinScrollbar.swift; sourceTree = "<group>"; };
		0BE551CEE8B674FBB2DB49EA /* PalettePanel.swift */ = {isa = PBXFileReference; lastKnownFileType = sourcecode.swift; path = PalettePanel.swift; sourceTree = "<group>"; };
		0C1555E09E35D697CD70133B /* PaletteSelectionIndex.swift */ = {isa = PBXFileReference; lastKnownFileType = sourcecode.swift; path = PaletteSelectionIndex.swift; sourceTree = "<group>"; };
		0C3352BC466A860755602E1A /* SnippetExpansionMonitor.swift */ = {isa = PBXFileReference; lastKnownFileType = sourcecode.swift; path = SnippetExpansionMonitor.swift; sourceTree = "<group>"; };
		0EF902187738222AFC9461A5 /* OverlayScroller.swift */ = {isa = PBXFileReference; lastKnownFileType = sourcecode.swift; path = OverlayScroller.swift; sourceTree = "<group>"; };
		0F0B8D47B41B82D097D2C647 /* SystemCommandRunner.swift */ = {isa = PBXFileReference; lastKnownFileType = sourcecode.swift; path = SystemCommandRunner.swift; sourceTree = "<group>"; };
		0F7D1A5D76D5B45283D2BA36 /* LauncherRankingStore.swift */ = {isa = PBXFileReference; lastKnownFileType = sourcecode.swift; path = LauncherRankingStore.swift; sourceTree = "<group>"; };
		10B4F03BA5D286F5A25B7BC8 /* CalcCurrency.swift */ = {isa = PBXFileReference; lastKnownFileType = sourcecode.swift; path = CalcCurrency.swift; sourceTree = "<group>"; };
		127EFC9A6EF236C31283D4FA /* LaunchAtLogin.swift */ = {isa = PBXFileReference; lastKnownFileType = sourcecode.swift; path = LaunchAtLogin.swift; sourceTree = "<group>"; };
		160668751EC7A12AF93AF203 /* DoubleCommandDetector.swift */ = {isa = PBXFileReference; lastKnownFileType = sourcecode.swift; path = DoubleCommandDetector.swift; sourceTree = "<group>"; };
		16EF20D6D40812470F28F1A2 /* AppLauncher.swift */ = {isa = PBXFileReference; lastKnownFileType = sourcecode.swift; path = AppLauncher.swift; sourceTree = "<group>"; };
		1756742454982DC44E2F0966 /* PaletteWindowController.swift */ = {isa = PBXFileReference; lastKnownFileType = sourcecode.swift; path = PaletteWindowController.swift; sourceTree = "<group>"; };
		231C81AD238DE6D68FD61543 /* WindowLayout.swift */ = {isa = PBXFileReference; lastKnownFileType = sourcecode.swift; path = WindowLayout.swift; sourceTree = "<group>"; };
		24327BF95ACECC0F482B1D25 /* WindowManagementSettingsView.swift */ = {isa = PBXFileReference; lastKnownFileType = sourcecode.swift; path = WindowManagementSettingsView.swift; sourceTree = "<group>"; };
		254B654315E0066980461CBA /* PopoverMenu.swift */ = {isa = PBXFileReference; lastKnownFileType = sourcecode.swift; path = PopoverMenu.swift; sourceTree = "<group>"; };
		27005C975775529D2439B4A4 /* LauncherView.swift */ = {isa = PBXFileReference; lastKnownFileType = sourcecode.swift; path = LauncherView.swift; sourceTree = "<group>"; };
		27F2FC2999A872CED0B69D3A /* CalcFormatter.swift */ = {isa = PBXFileReference; lastKnownFileType = sourcecode.swift; path = CalcFormatter.swift; sourceTree = "<group>"; };
		2CF30906FA0CB69CAE9012EB /* Romanization.swift */ = {isa = PBXFileReference; lastKnownFileType = sourcecode.swift; path = Romanization.swift; sourceTree = "<group>"; };
		30278F74390991460390F76B /* PaletteListLayout.swift */ = {isa = PBXFileReference; lastKnownFileType = sourcecode.swift; path = PaletteListLayout.swift; sourceTree = "<group>"; };
		31A0FDBB98365DA92EA6AFE4 /* SettingsRootView.swift */ = {isa = PBXFileReference; lastKnownFileType = sourcecode.swift; path = SettingsRootView.swift; sourceTree = "<group>"; };
		3641C2AEB1E4DC3B3066DC2A /* DoubleCommandMonitor.swift */ = {isa = PBXFileReference; lastKnownFileType = sourcecode.swift; path = DoubleCommandMonitor.swift; sourceTree = "<group>"; };
		38E70D3FB1E5A007C99B9945 /* FrequentEmojiStore.swift */ = {isa = PBXFileReference; lastKnownFileType = sourcecode.swift; path = FrequentEmojiStore.swift; sourceTree = "<group>"; };
		3DCF9F9AB89A05201D459D5C /* CalcQuantity.swift */ = {isa = PBXFileReference; lastKnownFileType = sourcecode.swift; path = CalcQuantity.swift; sourceTree = "<group>"; };
		3F2A51A0280BDE282048EDFA /* SearchScopes.swift */ = {isa = PBXFileReference; lastKnownFileType = sourcecode.swift; path = SearchScopes.swift; sourceTree = "<group>"; };
		3F6BACE99C5CB59D77200F49 /* EmojiIndex.swift */ = {isa = PBXFileReference; lastKnownFileType = sourcecode.swift; path = EmojiIndex.swift; sourceTree = "<group>"; };
		4549BDF3A52CC558BFC8A434 /* SearchScopesView.swift */ = {isa = PBXFileReference; lastKnownFileType = sourcecode.swift; path = SearchScopesView.swift; sourceTree = "<group>"; };
		4825D4EB6CE04F75D1734907 /* CalcPercent.swift */ = {isa = PBXFileReference; lastKnownFileType = sourcecode.swift; path = CalcPercent.swift; sourceTree = "<group>"; };
		4973359D768464832A31BF6A /* Memo.swift */ = {isa = PBXFileReference; lastKnownFileType = sourcecode.swift; path = Memo.swift; sourceTree = "<group>"; };
		4E22AE71B45DBB7485739198 /* PaletteDetailLayout.swift */ = {isa = PBXFileReference; lastKnownFileType = sourcecode.swift; path = PaletteDetailLayout.swift; sourceTree = "<group>"; };
		500BB7695C1113D18A44C4AB /* PaletteInlineArguments.swift */ = {isa = PBXFileReference; lastKnownFileType = sourcecode.swift; path = PaletteInlineArguments.swift; sourceTree = "<group>"; };
		5386785E3005CEB050117CCD /* SnippetSettingsView.swift */ = {isa = PBXFileReference; lastKnownFileType = sourcecode.swift; path = SnippetSettingsView.swift; sourceTree = "<group>"; };
		552B88B452A49B746957A344 /* SettingsSearchView.swift */ = {isa = PBXFileReference; lastKnownFileType = sourcecode.swift; path = SettingsSearchView.swift; sourceTree = "<group>"; };
		56CDDD43B77CBB97C7DA2AF0 /* EdgeDissolve.swift */ = {isa = PBXFileReference; lastKnownFileType = sourcecode.swift; path = EdgeDissolve.swift; sourceTree = "<group>"; };
		594250C08A58761A1AFF0878 /* OnboardingState.swift */ = {isa = PBXFileReference; lastKnownFileType = sourcecode.swift; path = OnboardingState.swift; sourceTree = "<group>"; };
		5AC3C9115B942FC4E9128168 /* QuicklinkViews.swift */ = {isa = PBXFileReference; lastKnownFileType = sourcecode.swift; path = QuicklinkViews.swift; sourceTree = "<group>"; };
		5D8BB112B36CE62BCA249E30 /* Opencast.entitlements */ = {isa = PBXFileReference; lastKnownFileType = text.plist.entitlements; path = Opencast.entitlements; sourceTree = "<group>"; };
		5E6FE517CCF9B2BB4E1B7825 /* WindowActionMemory.swift */ = {isa = PBXFileReference; lastKnownFileType = sourcecode.swift; path = WindowActionMemory.swift; sourceTree = "<group>"; };
		61510CABED591D136431C5A3 /* Opencast.app */ = {isa = PBXFileReference; explicitFileType = wrapper.application; includeInIndex = 0; path = Opencast.app; sourceTree = BUILT_PRODUCTS_DIR; };
		62F1B227B244CCBCD72C2CA9 /* EmojiData.generated.swift */ = {isa = PBXFileReference; lastKnownFileType = sourcecode.swift; path = EmojiData.generated.swift; sourceTree = "<group>"; };
		63CBA6A6B74BE5D0160E245F /* AboutView.swift */ = {isa = PBXFileReference; lastKnownFileType = sourcecode.swift; path = AboutView.swift; sourceTree = "<group>"; };
		65C25106F5FCF77837811B97 /* CurrencyRateStore.swift */ = {isa = PBXFileReference; lastKnownFileType = sourcecode.swift; path = CurrencyRateStore.swift; sourceTree = "<group>"; };
		6611BAE04ECE3A8A6B2E742B /* SettingsComponents.swift */ = {isa = PBXFileReference; lastKnownFileType = sourcecode.swift; path = SettingsComponents.swift; sourceTree = "<group>"; };
		66DE7F5A23C81E47A0DFA6B2 /* OnboardingView.swift */ = {isa = PBXFileReference; lastKnownFileType = sourcecode.swift; path = OnboardingView.swift; sourceTree = "<group>"; };
		671AAC20B63D46404D59C6F2 /* ClipboardPaletteScreen.swift */ = {isa = PBXFileReference; lastKnownFileType = sourcecode.swift; path = ClipboardPaletteScreen.swift; sourceTree = "<group>"; };
		674FA64DC1FA50EF85C27C45 /* SystemCommandCoordinator.swift */ = {isa = PBXFileReference; lastKnownFileType = sourcecode.swift; path = SystemCommandCoordinator.swift; sourceTree = "<group>"; };
		68466DCC9DE38D272F199629 /* EmojiPaletteScreen.swift */ = {isa = PBXFileReference; lastKnownFileType = sourcecode.swift; path = EmojiPaletteScreen.swift; sourceTree = "<group>"; };
		68A3114205263DF64A689621 /* PaletteScreen.swift */ = {isa = PBXFileReference; lastKnownFileType = sourcecode.swift; path = PaletteScreen.swift; sourceTree = "<group>"; };
		6A32A89638CE8A0B1CE4DCA5 /* RunningApps.swift */ = {isa = PBXFileReference; lastKnownFileType = sourcecode.swift; path = RunningApps.swift; sourceTree = "<group>"; };
		6CBDBDA7A914809B55FF32FE /* EmojiSettingsView.swift */ = {isa = PBXFileReference; lastKnownFileType = sourcecode.swift; path = EmojiSettingsView.swift; sourceTree = "<group>"; };
		6D2CEC6B747A3F7FDA120991 /* ClipboardSettingsView.swift */ = {isa = PBXFileReference; lastKnownFileType = sourcecode.swift; path = ClipboardSettingsView.swift; sourceTree = "<group>"; };
		6EE41A3AF3116D7D65F0F12F /* Info.plist */ = {isa = PBXFileReference; lastKnownFileType = text.plist; path = Info.plist; sourceTree = "<group>"; };
		704C4312B2D9701235899FD6 /* SnippetStore.swift */ = {isa = PBXFileReference; lastKnownFileType = sourcecode.swift; path = SnippetStore.swift; sourceTree = "<group>"; };
		74640B41568BC7C7A90A3115 /* PaletteRow.swift */ = {isa = PBXFileReference; lastKnownFileType = sourcecode.swift; path = PaletteRow.swift; sourceTree = "<group>"; };
		75436CB1E5583DCA4C5B448A /* QuicklinkSettingsView.swift */ = {isa = PBXFileReference; lastKnownFileType = sourcecode.swift; path = QuicklinkSettingsView.swift; sourceTree = "<group>"; };
		78B8F73B54E3A12653A07758 /* Theme.swift */ = {isa = PBXFileReference; lastKnownFileType = sourcecode.swift; path = Theme.swift; sourceTree = "<group>"; };
		7D7122D966A24A349FC8D147 /* QuicklinkStore.swift */ = {isa = PBXFileReference; lastKnownFileType = sourcecode.swift; path = QuicklinkStore.swift; sourceTree = "<group>"; };
		872EB9C1E78314EC5D47B785 /* UninstallPaletteScreen.swift */ = {isa = PBXFileReference; lastKnownFileType = sourcecode.swift; path = UninstallPaletteScreen.swift; sourceTree = "<group>"; };
		875391F4D0BC13ECB4B3D591 /* SnippetViews.swift */ = {isa = PBXFileReference; lastKnownFileType = sourcecode.swift; path = SnippetViews.swift; sourceTree = "<group>"; };
		8A25B090DDAD6A830844B799 /* PaletteGridGeometry.swift */ = {isa = PBXFileReference; lastKnownFileType = sourcecode.swift; path = PaletteGridGeometry.swift; sourceTree = "<group>"; };
		8B576C0D3BF5065648605C07 /* NativeConfirmation.swift */ = {isa = PBXFileReference; lastKnownFileType = sourcecode.swift; path = NativeConfirmation.swift; sourceTree = "<group>"; };
		8DDB33FADBABB5C580F93E6A /* AppPaths.swift */ = {isa = PBXFileReference; lastKnownFileType = sourcecode.swift; path = AppPaths.swift; sourceTree = "<group>"; };
		918EFF3C890F25F6F071AD28 /* ToastWindowController.swift */ = {isa = PBXFileReference; lastKnownFileType = sourcecode.swift; path = ToastWindowController.swift; sourceTree = "<group>"; };
		91D28AED6648315A46CD89C3 /* UninstallSession.swift */ = {isa = PBXFileReference; lastKnownFileType = sourcecode.swift; path = UninstallSession.swift; sourceTree = "<group>"; };
		92D4799C926C47AAFF99A4B0 /* SystemCommand.swift */ = {isa = PBXFileReference; lastKnownFileType = sourcecode.swift; path = SystemCommand.swift; sourceTree = "<group>"; };
		9356A98FAD1E4D55D00CE3D1 /* HealthTicker.swift */ = {isa = PBXFileReference; lastKnownFileType = sourcecode.swift; path = HealthTicker.swift; sourceTree = "<group>"; };
		936CCA29527FD0ED914ADAD6 /* Paster.swift */ = {isa = PBXFileReference; lastKnownFileType = sourcecode.swift; path = Paster.swift; sourceTree = "<group>"; };
		940E10C0761D9267184C8EBD /* FavoritesStore.swift */ = {isa = PBXFileReference; lastKnownFileType = sourcecode.swift; path = FavoritesStore.swift; sourceTree = "<group>"; };
		942081E66F360E54E14B3ECB /* OpencastApp.swift */ = {isa = PBXFileReference; lastKnownFileType = sourcecode.swift; path = OpencastApp.swift; sourceTree = "<group>"; };
		9980F97930D150E0CAB7FC0F /* CalcParser.swift */ = {isa = PBXFileReference; lastKnownFileType = sourcecode.swift; path = CalcParser.swift; sourceTree = "<group>"; };
		99B8D42FF35FB483E493A33E /* KeyShortcut.swift */ = {isa = PBXFileReference; lastKnownFileType = sourcecode.swift; path = KeyShortcut.swift; sourceTree = "<group>"; };
		99EDFF0C487A8DE2D05D548D /* WindowMover.swift */ = {isa = PBXFileReference; lastKnownFileType = sourcecode.swift; path = WindowMover.swift; sourceTree = "<group>"; };
		9A06E277BC342596BF5AC8D3 /* Bundle+AppName.swift */ = {isa = PBXFileReference; lastKnownFileType = sourcecode.swift; path = "Bundle+AppName.swift"; sourceTree = "<group>"; };
		A0AFF8E90608331A98212251 /* QuicklinkCoordinator.swift */ = {isa = PBXFileReference; lastKnownFileType = sourcecode.swift; path = QuicklinkCoordinator.swift; sourceTree = "<group>"; };
		A1BCFDFCAD58C3CA44F78502 /* PaletteModel.swift */ = {isa = PBXFileReference; lastKnownFileType = sourcecode.swift; path = PaletteModel.swift; sourceTree = "<group>"; };
		A77212F0AE7D2165193E9FA6 /* AppIndex.swift */ = {isa = PBXFileReference; lastKnownFileType = sourcecode.swift; path = AppIndex.swift; sourceTree = "<group>"; };
		A877A7F16F347F11E3B9B205 /* WindowCommandCoordinator.swift */ = {isa = PBXFileReference; lastKnownFileType = sourcecode.swift; path = WindowCommandCoordinator.swift; sourceTree = "<group>"; };
		AAFB97AB508CA397704FD1B0 /* UpdateStore.swift */ = {isa = PBXFileReference; lastKnownFileType = sourcecode.swift; path = UpdateStore.swift; sourceTree = "<group>"; };
		AD5C33EA1F5AC03F4F27D7EC /* CalcDateTime.swift */ = {isa = PBXFileReference; lastKnownFileType = sourcecode.swift; path = CalcDateTime.swift; sourceTree = "<group>"; };
		AF330375C25EECC6F56D2C88 /* CalcEngine.swift */ = {isa = PBXFileReference; lastKnownFileType = sourcecode.swift; path = CalcEngine.swift; sourceTree = "<group>"; };
		AF824A314057E4C193483274 /* InlineArgument.swift */ = {isa = PBXFileReference; lastKnownFileType = sourcecode.swift; path = InlineArgument.swift; sourceTree = "<group>"; };
		B0C47EBB3D225F264CAC6825 /* NotificationToken.swift */ = {isa = PBXFileReference; lastKnownFileType = sourcecode.swift; path = NotificationToken.swift; sourceTree = "<group>"; };
		B19CF7194BA319940855490A /* HotKeyCenter.swift */ = {isa = PBXFileReference; lastKnownFileType = sourcecode.swift; path = HotKeyCenter.swift; sourceTree = "<group>"; };
		B68673860967A4DAB1EA16FA /* RightClick.swift */ = {isa = PBXFileReference; lastKnownFileType = sourcecode.swift; path = RightClick.swift; sourceTree = "<group>"; };
		B8243C4190704B957722DE7C /* Assets.xcassets */ = {isa = PBXFileReference; lastKnownFileType = folder.assetcatalog; path = Assets.xcassets; sourceTree = "<group>"; };
		B8A31A5225BDE8E7012E20D3 /* PermissionsSettingsView.swift */ = {isa = PBXFileReference; lastKnownFileType = sourcecode.swift; path = PermissionsSettingsView.swift; sourceTree = "<group>"; };
		BBC2F5B04DBE7AA3635AFEB8 /* FeedbackToastView.swift */ = {isa = PBXFileReference; lastKnownFileType = sourcecode.swift; path = FeedbackToastView.swift; sourceTree = "<group>"; };
		BBE44AD7CADBDEDE80F3ACB7 /* CalculatorCoordinator.swift */ = {isa = PBXFileReference; lastKnownFileType = sourcecode.swift; path = CalculatorCoordinator.swift; sourceTree = "<group>"; };
		BD4BAE776F74D89EAE580D21 /* AppCore.swift */ = {isa = PBXFileReference; lastKnownFileType = sourcecode.swift; path = AppCore.swift; sourceTree = "<group>"; };
		BE38B042EDB9B428B0371B97 /* CalculatorCardView.swift */ = {isa = PBXFileReference; lastKnownFileType = sourcecode.swift; path = CalculatorCardView.swift; sourceTree = "<group>"; };
		BEE56DB2B6758ECB4018C45D /* PaletteGridLayout.swift */ = {isa = PBXFileReference; lastKnownFileType = sourcecode.swift; path = PaletteGridLayout.swift; sourceTree = "<group>"; };
		C1A79BAFDB9E5D0E550CEB8A /* CalcUnits.swift */ = {isa = PBXFileReference; lastKnownFileType = sourcecode.swift; path = CalcUnits.swift; sourceTree = "<group>"; };
		C30F6729865EB380623B6909 /* QuicklinkPaletteScreen.swift */ = {isa = PBXFileReference; lastKnownFileType = sourcecode.swift; path = QuicklinkPaletteScreen.swift; sourceTree = "<group>"; };
		C5C1F0D91AD655A596A4F605 /* QuicklinkActionsMenu.swift */ = {isa = PBXFileReference; lastKnownFileType = sourcecode.swift; path = QuicklinkActionsMenu.swift; sourceTree = "<group>"; };
		C60728FA7ECBA4A6941894DA /* SettingsPaneScanner.swift */ = {isa = PBXFileReference; lastKnownFileType = sourcecode.swift; path = SettingsPaneScanner.swift; sourceTree = "<group>"; };
		C6CCAFA1285E322F00F12165 /* CommandRegistry.swift */ = {isa = PBXFileReference; lastKnownFileType = sourcecode.swift; path = CommandRegistry.swift; sourceTree = "<group>"; };
		CB566B7E5349ED5CABA4DAB7 /* DialogController.swift */ = {isa = PBXFileReference; lastKnownFileType = sourcecode.swift; path = DialogController.swift; sourceTree = "<group>"; };
		CD99123F24443E4E1F1A385E /* WindowCommand.swift */ = {isa = PBXFileReference; lastKnownFileType = sourcecode.swift; path = WindowCommand.swift; sourceTree = "<group>"; };
		CE7065BEF9CE4DC91DF6AB79 /* ClipboardStore.swift */ = {isa = PBXFileReference; lastKnownFileType = sourcecode.swift; path = ClipboardStore.swift; sourceTree = "<group>"; };
		D11ED0BE89DE989696E6748A /* VisualEffectView.swift */ = {isa = PBXFileReference; lastKnownFileType = sourcecode.swift; path = VisualEffectView.swift; sourceTree = "<group>"; };
		D1231005DCD5DC3AC9DA5E76 /* CalculatorSettingsView.swift */ = {isa = PBXFileReference; lastKnownFileType = sourcecode.swift; path = CalculatorSettingsView.swift; sourceTree = "<group>"; };
		D3A782BDD846463B97DA98A6 /* ShortcutsSettingsView.swift */ = {isa = PBXFileReference; lastKnownFileType = sourcecode.swift; path = ShortcutsSettingsView.swift; sourceTree = "<group>"; };
		D7BA64F1EDCEFA645DF92079 /* CurrencyData.generated.swift */ = {isa = PBXFileReference; lastKnownFileType = sourcecode.swift; path = CurrencyData.generated.swift; sourceTree = "<group>"; };
		D8AA4ED848DC56C2DDC275E9 /* Permissions.swift */ = {isa = PBXFileReference; lastKnownFileType = sourcecode.swift; path = Permissions.swift; sourceTree = "<group>"; };
		DA59B54CFE9ECFC4E9BC59C3 /* PaletteActionLayout.swift */ = {isa = PBXFileReference; lastKnownFileType = sourcecode.swift; path = PaletteActionLayout.swift; sourceTree = "<group>"; };
		DBFE29D81E7FCB405F53F073 /* LauncherCoordinator.swift */ = {isa = PBXFileReference; lastKnownFileType = sourcecode.swift; path = LauncherCoordinator.swift; sourceTree = "<group>"; };
		DCCF4ED60F487B6C9945F732 /* AppDelegate.swift */ = {isa = PBXFileReference; lastKnownFileType = sourcecode.swift; path = AppDelegate.swift; sourceTree = "<group>"; };
		DD7828F8E8D06ABDF3E82E4A /* SnippetActionsMenu.swift */ = {isa = PBXFileReference; lastKnownFileType = sourcecode.swift; path = SnippetActionsMenu.swift; sourceTree = "<group>"; };
		DFFA196847EC88A7B596C25F /* ClipboardView.swift */ = {isa = PBXFileReference; lastKnownFileType = sourcecode.swift; path = ClipboardView.swift; sourceTree = "<group>"; };
		E5FFCD6A8CF234A14631EA33 /* AppSettings.swift */ = {isa = PBXFileReference; lastKnownFileType = sourcecode.swift; path = AppSettings.swift; sourceTree = "<group>"; };
		E7FFF18ECC57AAC9678FA168 /* HotKeyManager.swift */ = {isa = PBXFileReference; lastKnownFileType = sourcecode.swift; path = HotKeyManager.swift; sourceTree = "<group>"; };
		E9299D3A11818FC0597CACB6 /* VisibilityStore.swift */ = {isa = PBXFileReference; lastKnownFileType = sourcecode.swift; path = VisibilityStore.swift; sourceTree = "<group>"; };
		E988E0784C404426D4E2076C /* UninstallCoordinator.swift */ = {isa = PBXFileReference; lastKnownFileType = sourcecode.swift; path = UninstallCoordinator.swift; sourceTree = "<group>"; };
		EF13092E0848178BCF935120 /* opencast.icon */ = {isa = PBXFileReference; lastKnownFileType = wrapper.icon; path = opencast.icon; sourceTree = "<group>"; };
		EFB627B29E6DD1FE01D27B00 /* PaletteFooterControls.swift */ = {isa = PBXFileReference; lastKnownFileType = sourcecode.swift; path = PaletteFooterControls.swift; sourceTree = "<group>"; };
		F207135F1CF766FD9A4491E0 /* RootPaletteView.swift */ = {isa = PBXFileReference; lastKnownFileType = sourcecode.swift; path = RootPaletteView.swift; sourceTree = "<group>"; };
		F2B0AE140DC6852FFFDB7DF1 /* AppLeftovers.swift */ = {isa = PBXFileReference; lastKnownFileType = sourcecode.swift; path = AppLeftovers.swift; sourceTree = "<group>"; };
		F48F4C32ACE0359047A8CD3B /* LauncherSettingsView.swift */ = {isa = PBXFileReference; lastKnownFileType = sourcecode.swift; path = LauncherSettingsView.swift; sourceTree = "<group>"; };
		F9B757ECE8217E75C25E12B2 /* GeneralSettingsView.swift */ = {isa = PBXFileReference; lastKnownFileType = sourcecode.swift; path = GeneralSettingsView.swift; sourceTree = "<group>"; };
		FCC7F18143B7C379084A9555 /* ClipboardCoordinator.swift */ = {isa = PBXFileReference; lastKnownFileType = sourcecode.swift; path = ClipboardCoordinator.swift; sourceTree = "<group>"; };
		FE14EBBC60089E73C43859B0 /* ImageThumbnail.swift */ = {isa = PBXFileReference; lastKnownFileType = sourcecode.swift; path = ImageThumbnail.swift; sourceTree = "<group>"; };
		FE39A46B9EF9CE0259AE93BA /* EmojiCoordinator.swift */ = {isa = PBXFileReference; lastKnownFileType = sourcecode.swift; path = EmojiCoordinator.swift; sourceTree = "<group>"; };
		FFFDB5FB4C753F6AEDC7F91A /* EmojiGridView.swift */ = {isa = PBXFileReference; lastKnownFileType = sourcecode.swift; path = EmojiGridView.swift; sourceTree = "<group>"; };
/* End PBXFileReference section */

/* Begin PBXFrameworksBuildPhase section */
		DD8DFB53C683609CFE1A21FD /* Frameworks */ = {
			isa = PBXFrameworksBuildPhase;
			buildActionMask = 2147483647;
			files = (
				DC27D3D34C1FA28537B6062A /* Sparkle in Frameworks */,
			);
			runOnlyForDeploymentPostprocessing = 0;
		};
/* End PBXFrameworksBuildPhase section */

/* Begin PBXGroup section */
		0A9CF0EDF6E04195D99499AF /* Emoji */ = {
			isa = PBXGroup;
			children = (
				083C35AE2C51533B8C45CE2D /* EmojiCatalog.swift */,
				FE39A46B9EF9CE0259AE93BA /* EmojiCoordinator.swift */,
				62F1B227B244CCBCD72C2CA9 /* EmojiData.generated.swift */,
				FFFDB5FB4C753F6AEDC7F91A /* EmojiGridView.swift */,
				3F6BACE99C5CB59D77200F49 /* EmojiIndex.swift */,
				68466DCC9DE38D272F199629 /* EmojiPaletteScreen.swift */,
				38E70D3FB1E5A007C99B9945 /* FrequentEmojiStore.swift */,
			);
			path = Emoji;
			sourceTree = "<group>";
		};
		27146DBAE1457D808CAEC551 /* Updates */ = {
			isa = PBXGroup;
			children = (
				AAFB97AB508CA397704FD1B0 /* UpdateStore.swift */,
			);
			path = Updates;
			sourceTree = "<group>";
		};
		29BC7CB6DEC21F1782F55005 /* SystemCommands */ = {
			isa = PBXGroup;
			children = (
				92D4799C926C47AAFF99A4B0 /* SystemCommand.swift */,
				674FA64DC1FA50EF85C27C45 /* SystemCommandCoordinator.swift */,
				0F0B8D47B41B82D097D2C647 /* SystemCommandRunner.swift */,
			);
			path = SystemCommands;
			sourceTree = "<group>";
		};
		3133AFAFDA2665B97D9C5AAD /* Calculator */ = {
			isa = PBXGroup;
			children = (
				C6E83390CA0C822CAE0EBBBB /* Engine */,
				65C25106F5FCF77837811B97 /* CurrencyRateStore.swift */,
			);
			path = Calculator;
			sourceTree = "<group>";
		};
		388987A513B983E029A5C75A /* Products */ = {
			isa = PBXGroup;
			children = (
				61510CABED591D136431C5A3 /* Opencast.app */,
			);
			name = Products;
			sourceTree = "<group>";
		};
		438C9361CB52B468B0E935DA /* Platform */ = {
			isa = PBXGroup;
			children = (
				8DDB33FADBABB5C580F93E6A /* AppPaths.swift */,
				9A06E277BC342596BF5AC8D3 /* Bundle+AppName.swift */,
				CB566B7E5349ED5CABA4DAB7 /* DialogController.swift */,
				9356A98FAD1E4D55D00CE3D1 /* HealthTicker.swift */,
				127EFC9A6EF236C31283D4FA /* LaunchAtLogin.swift */,
				8B576C0D3BF5065648605C07 /* NativeConfirmation.swift */,
				B0C47EBB3D225F264CAC6825 /* NotificationToken.swift */,
				936CCA29527FD0ED914ADAD6 /* Paster.swift */,
				D8AA4ED848DC56C2DDC275E9 /* Permissions.swift */,
				6A32A89638CE8A0B1CE4DCA5 /* RunningApps.swift */,
				918EFF3C890F25F6F071AD28 /* ToastWindowController.swift */,
			);
			path = Platform;
			sourceTree = "<group>";
		};
		524B1CBF1530E8AA73D0CD5A /* WindowManagement */ = {
			isa = PBXGroup;
			children = (
				5E6FE517CCF9B2BB4E1B7825 /* WindowActionMemory.swift */,
				CD99123F24443E4E1F1A385E /* WindowCommand.swift */,
				A877A7F16F347F11E3B9B205 /* WindowCommandCoordinator.swift */,
				231C81AD238DE6D68FD61543 /* WindowLayout.swift */,
				99EDFF0C487A8DE2D05D548D /* WindowMover.swift */,
			);
			path = WindowManagement;
			sourceTree = "<group>";
		};
		554164659426F9E3B44E4859 /* Palette */ = {
			isa = PBXGroup;
			children = (
				DA59B54CFE9ECFC4E9BC59C3 /* PaletteActionLayout.swift */,
				4E22AE71B45DBB7485739198 /* PaletteDetailLayout.swift */,
				EFB627B29E6DD1FE01D27B00 /* PaletteFooterControls.swift */,
				8A25B090DDAD6A830844B799 /* PaletteGridGeometry.swift */,
				BEE56DB2B6758ECB4018C45D /* PaletteGridLayout.swift */,
				500BB7695C1113D18A44C4AB /* PaletteInlineArguments.swift */,
				30278F74390991460390F76B /* PaletteListLayout.swift */,
				A1BCFDFCAD58C3CA44F78502 /* PaletteModel.swift */,
				0BE551CEE8B674FBB2DB49EA /* PalettePanel.swift */,
				74640B41568BC7C7A90A3115 /* PaletteRow.swift */,
				68A3114205263DF64A689621 /* PaletteScreen.swift */,
				0C1555E09E35D697CD70133B /* PaletteSelectionIndex.swift */,
				1756742454982DC44E2F0966 /* PaletteWindowController.swift */,
				254B654315E0066980461CBA /* PopoverMenu.swift */,
				F207135F1CF766FD9A4491E0 /* RootPaletteView.swift */,
			);
			path = Palette;
			sourceTree = "<group>";
		};
		57054D7BF685AEDE6621529D /* About */ = {
			isa = PBXGroup;
			children = (
				63CBA6A6B74BE5D0160E245F /* AboutView.swift */,
			);
			path = About;
			sourceTree = "<group>";
		};
		650292D621836C25E5044AA3 /* Onboarding */ = {
			isa = PBXGroup;
			children = (
				594250C08A58761A1AFF0878 /* OnboardingState.swift */,
				66DE7F5A23C81E47A0DFA6B2 /* OnboardingView.swift */,
			);
			path = Onboarding;
			sourceTree = "<group>";
		};
		69A928147921F47661C44D3A /* Clipboard */ = {
			isa = PBXGroup;
			children = (
				FCC7F18143B7C379084A9555 /* ClipboardCoordinator.swift */,
				077C33CE32FBE4C75697A091 /* ClipboardManager.swift */,
				671AAC20B63D46404D59C6F2 /* ClipboardPaletteScreen.swift */,
				CE7065BEF9CE4DC91DF6AB79 /* ClipboardStore.swift */,
				DFFA196847EC88A7B596C25F /* ClipboardView.swift */,
			);
			path = Clipboard;
			sourceTree = "<group>";
		};
		74FCDAED59B8DFDFCFEA8C6C /* App */ = {
			isa = PBXGroup;
			children = (
				BD4BAE776F74D89EAE580D21 /* AppCore.swift */,
				DCCF4ED60F487B6C9945F732 /* AppDelegate.swift */,
				942081E66F360E54E14B3ECB /* OpencastApp.swift */,
			);
			path = App;
			sourceTree = "<group>";
		};
		853B04BE11405DB21D69E58C /* HotKeys */ = {
			isa = PBXGroup;
			children = (
				160668751EC7A12AF93AF203 /* DoubleCommandDetector.swift */,
				3641C2AEB1E4DC3B3066DC2A /* DoubleCommandMonitor.swift */,
				B19CF7194BA319940855490A /* HotKeyCenter.swift */,
				E7FFF18ECC57AAC9678FA168 /* HotKeyManager.swift */,
				99B8D42FF35FB483E493A33E /* KeyShortcut.swift */,
			);
			path = HotKeys;
			sourceTree = "<group>";
		};
		8A67314C74EB9C56F89733AF /* Quicklinks */ = {
			isa = PBXGroup;
			children = (
				C5C1F0D91AD655A596A4F605 /* QuicklinkActionsMenu.swift */,
				A0AFF8E90608331A98212251 /* QuicklinkCoordinator.swift */,
				C30F6729865EB380623B6909 /* QuicklinkPaletteScreen.swift */,
				7D7122D966A24A349FC8D147 /* QuicklinkStore.swift */,
				5AC3C9115B942FC4E9128168 /* QuicklinkViews.swift */,
			);
			path = Quicklinks;
			sourceTree = "<group>";
		};
		8F506C5F46BD04ADE518C3D4 /* Settings */ = {
			isa = PBXGroup;
			children = (
				E5FFCD6A8CF234A14631EA33 /* AppSettings.swift */,
				D1231005DCD5DC3AC9DA5E76 /* CalculatorSettingsView.swift */,
				6D2CEC6B747A3F7FDA120991 /* ClipboardSettingsView.swift */,
				6CBDBDA7A914809B55FF32FE /* EmojiSettingsView.swift */,
				F9B757ECE8217E75C25E12B2 /* GeneralSettingsView.swift */,
				F48F4C32ACE0359047A8CD3B /* LauncherSettingsView.swift */,
				B8A31A5225BDE8E7012E20D3 /* PermissionsSettingsView.swift */,
				75436CB1E5583DCA4C5B448A /* QuicklinkSettingsView.swift */,
				4549BDF3A52CC558BFC8A434 /* SearchScopesView.swift */,
				6611BAE04ECE3A8A6B2E742B /* SettingsComponents.swift */,
				31A0FDBB98365DA92EA6AFE4 /* SettingsRootView.swift */,
				0A4A2E682436F11665363208 /* SettingsSearchIndex.swift */,
				552B88B452A49B746957A344 /* SettingsSearchView.swift */,
				0993325B754EBE41A8B80761 /* ShortcutRecorder.swift */,
				D3A782BDD846463B97DA98A6 /* ShortcutsSettingsView.swift */,
				5386785E3005CEB050117CCD /* SnippetSettingsView.swift */,
				24327BF95ACECC0F482B1D25 /* WindowManagementSettingsView.swift */,
			);
			path = Settings;
			sourceTree = "<group>";
		};
		987BD0D17A5D03C48F1F469F /* Snippets */ = {
			isa = PBXGroup;
			children = (
				DD7828F8E8D06ABDF3E82E4A /* SnippetActionsMenu.swift */,
				0A0F48BD3DCA94294DB5D51F /* SnippetCoordinator.swift */,
				0C3352BC466A860755602E1A /* SnippetExpansionMonitor.swift */,
				704C4312B2D9701235899FD6 /* SnippetStore.swift */,
				875391F4D0BC13ECB4B3D591 /* SnippetViews.swift */,
			);
			path = Snippets;
			sourceTree = "<group>";
		};
		C6E83390CA0C822CAE0EBBBB /* Engine */ = {
			isa = PBXGroup;
			children = (
				10B4F03BA5D286F5A25B7BC8 /* CalcCurrency.swift */,
				AD5C33EA1F5AC03F4F27D7EC /* CalcDateTime.swift */,
				AF330375C25EECC6F56D2C88 /* CalcEngine.swift */,
				27F2FC2999A872CED0B69D3A /* CalcFormatter.swift */,
				9980F97930D150E0CAB7FC0F /* CalcParser.swift */,
				4825D4EB6CE04F75D1734907 /* CalcPercent.swift */,
				3DCF9F9AB89A05201D459D5C /* CalcQuantity.swift */,
				C1A79BAFDB9E5D0E550CEB8A /* CalcUnits.swift */,
				D7BA64F1EDCEFA645DF92079 /* CurrencyData.generated.swift */,
			);
			path = Engine;
			sourceTree = "<group>";
		};
		C779BCC47492F2DFCEFBBB46 = {
			isa = PBXGroup;
			children = (
				F4D2CE6283DD847727828444 /* Opencast */,
				388987A513B983E029A5C75A /* Products */,
			);
			sourceTree = "<group>";
		};
		D8363B78AFE28A08542A5A14 /* Features */ = {
			isa = PBXGroup;
			children = (
				57054D7BF685AEDE6621529D /* About */,
				3133AFAFDA2665B97D9C5AAD /* Calculator */,
				69A928147921F47661C44D3A /* Clipboard */,
				0A9CF0EDF6E04195D99499AF /* Emoji */,
				D8CB4C1CBA3A9A3898436857 /* Feedback */,
				853B04BE11405DB21D69E58C /* HotKeys */,
				E11E724E329AA8B8EDFC74B5 /* Launcher */,
				650292D621836C25E5044AA3 /* Onboarding */,
				554164659426F9E3B44E4859 /* Palette */,
				8A67314C74EB9C56F89733AF /* Quicklinks */,
				8F506C5F46BD04ADE518C3D4 /* Settings */,
				987BD0D17A5D03C48F1F469F /* Snippets */,
				29BC7CB6DEC21F1782F55005 /* SystemCommands */,
				FDF61DB80286EDCAFE6E1F3E /* Uninstall */,
				27146DBAE1457D808CAEC551 /* Updates */,
				524B1CBF1530E8AA73D0CD5A /* WindowManagement */,
			);
			path = Features;
			sourceTree = "<group>";
		};
		D8CB4C1CBA3A9A3898436857 /* Feedback */ = {
			isa = PBXGroup;
			children = (
				BBC2F5B04DBE7AA3635AFEB8 /* FeedbackToastView.swift */,
			);
			path = Feedback;
			sourceTree = "<group>";
		};
		E11E724E329AA8B8EDFC74B5 /* Launcher */ = {
			isa = PBXGroup;
			children = (
				A77212F0AE7D2165193E9FA6 /* AppIndex.swift */,
				16EF20D6D40812470F28F1A2 /* AppLauncher.swift */,
				BE38B042EDB9B428B0371B97 /* CalculatorCardView.swift */,
				BBE44AD7CADBDEDE80F3ACB7 /* CalculatorCoordinator.swift */,
				C6CCAFA1285E322F00F12165 /* CommandRegistry.swift */,
				940E10C0761D9267184C8EBD /* FavoritesStore.swift */,
				AF824A314057E4C193483274 /* InlineArgument.swift */,
				DBFE29D81E7FCB405F53F073 /* LauncherCoordinator.swift */,
				0F7D1A5D76D5B45283D2BA36 /* LauncherRankingStore.swift */,
				27005C975775529D2439B4A4 /* LauncherView.swift */,
				4973359D768464832A31BF6A /* Memo.swift */,
				2CF30906FA0CB69CAE9012EB /* Romanization.swift */,
				3F2A51A0280BDE282048EDFA /* SearchScopes.swift */,
				C60728FA7ECBA4A6941894DA /* SettingsPaneScanner.swift */,
				E9299D3A11818FC0597CACB6 /* VisibilityStore.swift */,
			);
			path = Launcher;
			sourceTree = "<group>";
		};
		ED0AFAC5EA6E79A8D34BEB36 /* DesignSystem */ = {
			isa = PBXGroup;
			children = (
				56CDDD43B77CBB97C7DA2AF0 /* EdgeDissolve.swift */,
				FE14EBBC60089E73C43859B0 /* ImageThumbnail.swift */,
				0EF902187738222AFC9461A5 /* OverlayScroller.swift */,
				B68673860967A4DAB1EA16FA /* RightClick.swift */,
				78B8F73B54E3A12653A07758 /* Theme.swift */,
				0AFF513A7B07382D36DBC6DE /* ThinScrollbar.swift */,
				D11ED0BE89DE989696E6748A /* VisualEffectView.swift */,
			);
			path = DesignSystem;
			sourceTree = "<group>";
		};
		F4D2CE6283DD847727828444 /* Opencast */ = {
			isa = PBXGroup;
			children = (
				74FCDAED59B8DFDFCFEA8C6C /* App */,
				ED0AFAC5EA6E79A8D34BEB36 /* DesignSystem */,
				D8363B78AFE28A08542A5A14 /* Features */,
				438C9361CB52B468B0E935DA /* Platform */,
				B8243C4190704B957722DE7C /* Assets.xcassets */,
				6EE41A3AF3116D7D65F0F12F /* Info.plist */,
				5D8BB112B36CE62BCA249E30 /* Opencast.entitlements */,
				EF13092E0848178BCF935120 /* opencast.icon */,
			);
			path = Opencast;
			sourceTree = "<group>";
		};
		FDF61DB80286EDCAFE6E1F3E /* Uninstall */ = {
			isa = PBXGroup;
			children = (
				F2B0AE140DC6852FFFDB7DF1 /* AppLeftovers.swift */,
				E988E0784C404426D4E2076C /* UninstallCoordinator.swift */,
				872EB9C1E78314EC5D47B785 /* UninstallPaletteScreen.swift */,
				91D28AED6648315A46CD89C3 /* UninstallSession.swift */,
				07FD0F81328FD899D97306F5 /* UninstallView.swift */,
			);
			path = Uninstall;
			sourceTree = "<group>";
		};
/* End PBXGroup section */

/* Begin PBXNativeTarget section */
		F97D620B7381570EC7E9FAF4 /* Opencast */ = {
			isa = PBXNativeTarget;
			buildConfigurationList = D850CA85A4C25AB4EE6CAA37 /* Build configuration list for PBXNativeTarget "Opencast" */;
			buildPhases = (
				563F3A1A0FD3728B173109F1 /* Sources */,
				69346784CD4A7E64C26ECD3C /* Resources */,
				DD8DFB53C683609CFE1A21FD /* Frameworks */,
			);
			buildRules = (
			);
			dependencies = (
			);
			name = Opencast;
			packageProductDependencies = (
				89D6771874FF01BCCB785ED1 /* Sparkle */,
			);
			productName = Opencast;
			productReference = 61510CABED591D136431C5A3 /* Opencast.app */;
			productType = "com.apple.product-type.application";
		};
/* End PBXNativeTarget section */

/* Begin PBXProject section */
		4CCAD45C471DF25DEC9427DF /* Project object */ = {
			isa = PBXProject;
			attributes = {
				BuildIndependentTargetsInParallel = YES;
				LastUpgradeCheck = 1430;
				TargetAttributes = {
					F97D620B7381570EC7E9FAF4 = {
						DevelopmentTeam = Z66C58Z3RC;
					};
				};
			};
			buildConfigurationList = 57FF116E295163D9F951C12E /* Build configuration list for PBXProject "Opencast" */;
			developmentRegion = en;
			hasScannedForEncodings = 0;
			knownRegions = (
				Base,
				en,
			);
			mainGroup = C779BCC47492F2DFCEFBBB46;
			minimizedProjectReferenceProxies = 1;
			packageReferences = (
				9863BC567F4BAD29A0C37C40 /* XCRemoteSwiftPackageReference "Sparkle" */,
			);
			preferredProjectObjectVersion = 77;
			productRefGroup = 388987A513B983E029A5C75A /* Products */;
			projectDirPath = "";
			projectRoot = "";
			targets = (
				F97D620B7381570EC7E9FAF4 /* Opencast */,
			);
		};
/* End PBXProject section */

/* Begin PBXResourcesBuildPhase section */
		69346784CD4A7E64C26ECD3C /* Resources */ = {
			isa = PBXResourcesBuildPhase;
			buildActionMask = 2147483647;
			files = (
				25D52944D0E133CD108CB844 /* Assets.xcassets in Resources */,
				BEABF0E6BFF1455FC2EAC728 /* opencast.icon in Resources */,
			);
			runOnlyForDeploymentPostprocessing = 0;
		};
/* End PBXResourcesBuildPhase section */

/* Begin PBXSourcesBuildPhase section */
		563F3A1A0FD3728B173109F1 /* Sources */ = {
			isa = PBXSourcesBuildPhase;
			buildActionMask = 2147483647;
			files = (
				4E82965EA91AF5D36171CD47 /* AboutView.swift in Sources */,
				98C521BB8F67770261F41C83 /* AppCore.swift in Sources */,
				AAB8870580A2D2459D3C12F6 /* AppDelegate.swift in Sources */,
				BAFFC8C302FB959E31870515 /* AppIndex.swift in Sources */,
				432F53FC304B86D7F48B1EC7 /* AppLauncher.swift in Sources */,
				9D3F92ACE5AFEF38FC4BAA4A /* AppLeftovers.swift in Sources */,
				C279BED9932E0CDD175BB56C /* AppPaths.swift in Sources */,
				3B0091B23F62C6BEF7D71CE3 /* AppSettings.swift in Sources */,
				B885B4D0925B9462776514EE /* Bundle+AppName.swift in Sources */,
				05A23381D65E68F4AD6F2FD0 /* CalcCurrency.swift in Sources */,
				2273EFCCB62BCA189B0DEFE1 /* CalcDateTime.swift in Sources */,
				872D0E2355470A83824152CA /* CalcEngine.swift in Sources */,
				085DEFA7A58F32AF5B4C43EB /* CalcFormatter.swift in Sources */,
				866C4587496F4B85EB667C6E /* CalcParser.swift in Sources */,
				6EE1688AF9F0D105FE34015E /* CalcPercent.swift in Sources */,
				66A2C3E0CE8B005F7280FF75 /* CalcQuantity.swift in Sources */,
				B6B6385BF48287B4D8F923E8 /* CalcUnits.swift in Sources */,
				CF5639EA8AC617D25673A7D0 /* CalculatorCardView.swift in Sources */,
				023EC9AA6FA53D68B5BFF515 /* CalculatorCoordinator.swift in Sources */,
				A584EFE4141003F5DAD76D4C /* CalculatorSettingsView.swift in Sources */,
				C23CF1344E41D598320856D8 /* ClipboardCoordinator.swift in Sources */,
				ABE8132D519C0FCBD96FAE49 /* ClipboardManager.swift in Sources */,
				AA70967464636CA8C88F3DF9 /* ClipboardPaletteScreen.swift in Sources */,
				4BE8F596C87E28C20A958FBF /* ClipboardSettingsView.swift in Sources */,
				71E58394F92D60A0279619CC /* ClipboardStore.swift in Sources */,
				6C81DC37815ABE6B47AC461F /* ClipboardView.swift in Sources */,
				2C5CE27DEF8D4A07A8271113 /* CommandRegistry.swift in Sources */,
				1EC6DCB6001A538375C06F6C /* CurrencyData.generated.swift in Sources */,
				1DC8A0DE53EBAA6EB2F36259 /* CurrencyRateStore.swift in Sources */,
				777D84384121196FA858980B /* DialogController.swift in Sources */,
				FC6D5F45A04C6C81AFCA429C /* DoubleCommandDetector.swift in Sources */,
				F6ADD0AA978BAEE5357989A0 /* DoubleCommandMonitor.swift in Sources */,
				C8FD06184463AD7F0400664D /* EdgeDissolve.swift in Sources */,
				C988076EB01611E460B010CF /* EmojiCatalog.swift in Sources */,
				CF05991F60CFC148CB0BE63D /* EmojiCoordinator.swift in Sources */,
				1A5FEF19FE3C9B7B749B9574 /* EmojiData.generated.swift in Sources */,
				28918546E9AE109851807DA8 /* EmojiGridView.swift in Sources */,
				620AFAFC4D17507ED92F137B /* EmojiIndex.swift in Sources */,
				9494037D81736229E0E92BA1 /* EmojiPaletteScreen.swift in Sources */,
				23E5DB23DDFA2DC54550D828 /* EmojiSettingsView.swift in Sources */,
				05574C825EA3722248A37879 /* FavoritesStore.swift in Sources */,
				A8DB8C4F5C63787C17DDEB2C /* FeedbackToastView.swift in Sources */,
				FD1E47D09EF5686803D9DFFC /* FrequentEmojiStore.swift in Sources */,
				F721F63A6940A983F12C41FE /* GeneralSettingsView.swift in Sources */,
				B7853593700B36F107AF4EB1 /* HealthTicker.swift in Sources */,
				80E9D647D2B8CD2EDF6A9568 /* HotKeyCenter.swift in Sources */,
				F1466C52915F3F6D3CB31B58 /* HotKeyManager.swift in Sources */,
				530B4CB03AEDD68CC41E5F4D /* ImageThumbnail.swift in Sources */,
				3B619A3C3A2C100CEA52FDC9 /* InlineArgument.swift in Sources */,
				8586F03BA9F0A81BB8F72C94 /* KeyShortcut.swift in Sources */,
				05C551B515D364F31C845F33 /* LaunchAtLogin.swift in Sources */,
				2C5D9246CB838B9D8CE12815 /* LauncherCoordinator.swift in Sources */,
				51CE208E7EF0DC64AF1FFCB3 /* LauncherRankingStore.swift in Sources */,
				D499C33F8FB574B4FB112EC4 /* LauncherSettingsView.swift in Sources */,
				D0C73501A1B15D2042A77EB9 /* LauncherView.swift in Sources */,
				A49DECCC1161194E88EABA36 /* Memo.swift in Sources */,
				C7BBD88284A433C5B742DD67 /* NativeConfirmation.swift in Sources */,
				2B32C93D8A2859E131F34B84 /* NotificationToken.swift in Sources */,
				AE763B2670B67A5132121A7E /* OnboardingState.swift in Sources */,
				FF063921CF15BD46D854782C /* OnboardingView.swift in Sources */,
				D7F0F9B6E556DA1DCA699F82 /* OpencastApp.swift in Sources */,
				FDC5CFB6B7F9139B3EF917CD /* OverlayScroller.swift in Sources */,
				976716075FC16AFAFD86EE50 /* PaletteActionLayout.swift in Sources */,
				5DC2CEC99086A8137BD27C4C /* PaletteDetailLayout.swift in Sources */,
				3E1749B1DF98F13F2E7A3867 /* PaletteFooterControls.swift in Sources */,
				4CEE633FBC9D6C0632B10DDE /* PaletteGridGeometry.swift in Sources */,
				9A5F5FC52CC79A8FA9B95189 /* PaletteGridLayout.swift in Sources */,
				7895B0D4210A1A7C448B22FE /* PaletteInlineArguments.swift in Sources */,
				4B2265767404C02D0088F41C /* PaletteListLayout.swift in Sources */,
				7288317B7E9CDFE36FC71965 /* PaletteModel.swift in Sources */,
				1B75FC557B5E5C027947B29E /* PalettePanel.swift in Sources */,
				1C0C3CB88AABBA8F4AA04046 /* PaletteRow.swift in Sources */,
				111452FAE652430B75D04887 /* PaletteScreen.swift in Sources */,
				9B8D64884367ACA4CE764B97 /* PaletteSelectionIndex.swift in Sources */,
				F8965B464BF2BCF3FB3A3D2E /* PaletteWindowController.swift in Sources */,
				D837512DBD4D4CAB9720149E /* Paster.swift in Sources */,
				F9D5A219BBE24E63A7264C9E /* Permissions.swift in Sources */,
				AC956878D84A9A8572B36B8E /* PermissionsSettingsView.swift in Sources */,
				FCE96A895FE5346A25396D0B /* PopoverMenu.swift in Sources */,
				E2ADFB0AF6E92866E8EF5BE3 /* QuicklinkActionsMenu.swift in Sources */,
				5E0C966995DA8748D609DEF9 /* QuicklinkCoordinator.swift in Sources */,
				42FBE731682681251121D21F /* QuicklinkPaletteScreen.swift in Sources */,
				7EC5DB64F545071ED8804B9A /* QuicklinkSettingsView.swift in Sources */,
				59A028CB46A978F4742E6E79 /* QuicklinkStore.swift in Sources */,
				8752558F201BD5E1E51E6335 /* QuicklinkViews.swift in Sources */,
				00B9E34A8D61BEA990358B44 /* RightClick.swift in Sources */,
				CBC599034E68686342502FFA /* Romanization.swift in Sources */,
				27DD0CBDACC2576D50361390 /* RootPaletteView.swift in Sources */,
				798221EDB667AB353D06A70F /* RunningApps.swift in Sources */,
				4C3EE7AEF172CF321F383BFC /* SearchScopes.swift in Sources */,
				E84F5355AE209297FD89AD6D /* SearchScopesView.swift in Sources */,
				7FA75FD9CF1CC88E5613A91E /* SettingsComponents.swift in Sources */,
				7EAA111683AEC5362EB96CD0 /* SettingsPaneScanner.swift in Sources */,
				7FD959DB96807179DA22BD5D /* SettingsRootView.swift in Sources */,
				F72CCA30883C020A613B96FD /* SettingsSearchIndex.swift in Sources */,
				A51481832B801FF992FDFEC9 /* SettingsSearchView.swift in Sources */,
				87ADA5CF0D871BC1C12EB590 /* ShortcutRecorder.swift in Sources */,
				F5201B807399F1C6E0863AE3 /* ShortcutsSettingsView.swift in Sources */,
				EA7F39EE7D7D24BF1D23CD23 /* SnippetActionsMenu.swift in Sources */,
				637E926418BC8A67C337C305 /* SnippetCoordinator.swift in Sources */,
				565E7BEE401B41804BBFB18B /* SnippetExpansionMonitor.swift in Sources */,
				21381D073D89E1FC7A5182A9 /* SnippetSettingsView.swift in Sources */,
				E833C99EB70A37D5B91F8A2A /* SnippetStore.swift in Sources */,
				5659B21346819C3643D3F18F /* SnippetViews.swift in Sources */,
				89696F5D0EFF68BC84533F45 /* SystemCommand.swift in Sources */,
				24AF6611A66DCFC99BA04CC7 /* SystemCommandCoordinator.swift in Sources */,
				AB524DD8A8CC11D72D90B318 /* SystemCommandRunner.swift in Sources */,
				828B704E20D07C637B1CD357 /* Theme.swift in Sources */,
				268A0AA46BDD9288633D3EE0 /* ThinScrollbar.swift in Sources */,
				8F10E95EFDAEE9E4598344BF /* ToastWindowController.swift in Sources */,
				618698C098B30C23C0C2F4B4 /* UninstallCoordinator.swift in Sources */,
				BB252D9F556C5906392D15C9 /* UninstallPaletteScreen.swift in Sources */,
				33C2862B8FA034D7B6629E43 /* UninstallSession.swift in Sources */,
				575FFC5E74A97CD36BFBE214 /* UninstallView.swift in Sources */,
				AE191E430303072047400E98 /* UpdateStore.swift in Sources */,
				4D620051B1C2961C7AF55D58 /* VisibilityStore.swift in Sources */,
				BC4DE96FAB6633B60633ACBA /* VisualEffectView.swift in Sources */,
				0E24D5F720D6C0C99257F787 /* WindowActionMemory.swift in Sources */,
				CB4EFBB6791980BC8E765B97 /* WindowCommand.swift in Sources */,
				EB3A6393CF2E93BA6A8DCEE5 /* WindowCommandCoordinator.swift in Sources */,
				BE32E6E4A265FA24A26A1A4F /* WindowLayout.swift in Sources */,
				2CB280034CD9583282C3E272 /* WindowManagementSettingsView.swift in Sources */,
				B9073CD2127CADA6926127D1 /* WindowMover.swift in Sources */,
			);
			runOnlyForDeploymentPostprocessing = 0;
		};
/* End PBXSourcesBuildPhase section */

/* Begin XCBuildConfiguration section */
		0E1C821DBF10212167F0A513 /* Debug */ = {
			isa = XCBuildConfiguration;
			buildSettings = {
				ALWAYS_SEARCH_USER_PATHS = NO;
				ARCHS = "arm64 x86_64";
				CLANG_ANALYZER_NONNULL = YES;
				CLANG_ANALYZER_NUMBER_OBJECT_CONVERSION = YES_AGGRESSIVE;
				CLANG_CXX_LANGUAGE_STANDARD = "gnu++14";
				CLANG_CXX_LIBRARY = "libc++";
				CLANG_ENABLE_MODULES = YES;
				CLANG_ENABLE_OBJC_ARC = YES;
				CLANG_ENABLE_OBJC_WEAK = YES;
				CLANG_WARN_BLOCK_CAPTURE_AUTORELEASING = YES;
				CLANG_WARN_BOOL_CONVERSION = YES;
				CLANG_WARN_COMMA = YES;
				CLANG_WARN_CONSTANT_CONVERSION = YES;
				CLANG_WARN_DEPRECATED_OBJC_IMPLEMENTATIONS = YES;
				CLANG_WARN_DIRECT_OBJC_ISA_USAGE = YES_ERROR;
				CLANG_WARN_DOCUMENTATION_COMMENTS = YES;
				CLANG_WARN_EMPTY_BODY = YES;
				CLANG_WARN_ENUM_CONVERSION = YES;
				CLANG_WARN_INFINITE_RECURSION = YES;
				CLANG_WARN_INT_CONVERSION = YES;
				CLANG_WARN_NON_LITERAL_NULL_CONVERSION = YES;
				CLANG_WARN_OBJC_IMPLICIT_RETAIN_SELF = YES;
				CLANG_WARN_OBJC_LITERAL_CONVERSION = YES;
				CLANG_WARN_OBJC_ROOT_CLASS = YES_ERROR;
				CLANG_WARN_QUOTED_INCLUDE_IN_FRAMEWORK_HEADER = YES;
				CLANG_WARN_RANGE_LOOP_ANALYSIS = YES;
				CLANG_WARN_STRICT_PROTOTYPES = YES;
				CLANG_WARN_SUSPICIOUS_MOVE = YES;
				CLANG_WARN_UNGUARDED_AVAILABILITY = YES_AGGRESSIVE;
				CLANG_WARN_UNREACHABLE_CODE = YES;
				CLANG_WARN__DUPLICATE_METHOD_MATCH = YES;
				CODE_SIGN_IDENTITY = "Apple Development";
				CODE_SIGN_STYLE = Automatic;
				COPY_PHASE_STRIP = NO;
				CURRENT_PROJECT_VERSION = 1;
				DEBUG_INFORMATION_FORMAT = dwarf;
				DEVELOPMENT_TEAM = Z66C58Z3RC;
				ENABLE_HARDENED_RUNTIME = NO;
				ENABLE_STRICT_OBJC_MSGSEND = YES;
				ENABLE_TESTABILITY = YES;
				GCC_C_LANGUAGE_STANDARD = gnu11;
				GCC_DYNAMIC_NO_PIC = NO;
				GCC_NO_COMMON_BLOCKS = YES;
				GCC_OPTIMIZATION_LEVEL = 0;
				GCC_PREPROCESSOR_DEFINITIONS = (
					"$(inherited)",
					"DEBUG=1",
				);
				GCC_WARN_64_TO_32_BIT_CONVERSION = YES;
				GCC_WARN_ABOUT_RETURN_TYPE = YES_ERROR;
				GCC_WARN_UNDECLARED_SELECTOR = YES;
				GCC_WARN_UNINITIALIZED_AUTOS = YES_AGGRESSIVE;
				GCC_WARN_UNUSED_FUNCTION = YES;
				GCC_WARN_UNUSED_VARIABLE = YES;
				MACOSX_DEPLOYMENT_TARGET = 15.0;
				MARKETING_VERSION = 0.2.2;
				MTL_ENABLE_DEBUG_INFO = INCLUDE_SOURCE;
				MTL_FAST_MATH = YES;
				ONLY_ACTIVE_ARCH = YES;
				PRODUCT_NAME = "$(TARGET_NAME)";
				SDKROOT = macosx;
				SWIFT_ACTIVE_COMPILATION_CONDITIONS = DEBUG;
				SWIFT_OPTIMIZATION_LEVEL = "-Onone";
				SWIFT_STRICT_CONCURRENCY = complete;
				SWIFT_VERSION = 6.0;
			};
			name = Debug;
		};
		47784A9916C1173CAB490548 /* Release */ = {
			isa = XCBuildConfiguration;
			buildSettings = {
				ALWAYS_SEARCH_USER_PATHS = NO;
				ARCHS = "arm64 x86_64";
				CLANG_ANALYZER_NONNULL = YES;
				CLANG_ANALYZER_NUMBER_OBJECT_CONVERSION = YES_AGGRESSIVE;
				CLANG_CXX_LANGUAGE_STANDARD = "gnu++14";
				CLANG_CXX_LIBRARY = "libc++";
				CLANG_ENABLE_MODULES = YES;
				CLANG_ENABLE_OBJC_ARC = YES;
				CLANG_ENABLE_OBJC_WEAK = YES;
				CLANG_WARN_BLOCK_CAPTURE_AUTORELEASING = YES;
				CLANG_WARN_BOOL_CONVERSION = YES;
				CLANG_WARN_COMMA = YES;
				CLANG_WARN_CONSTANT_CONVERSION = YES;
				CLANG_WARN_DEPRECATED_OBJC_IMPLEMENTATIONS = YES;
				CLANG_WARN_DIRECT_OBJC_ISA_USAGE = YES_ERROR;
				CLANG_WARN_DOCUMENTATION_COMMENTS = YES;
				CLANG_WARN_EMPTY_BODY = YES;
				CLANG_WARN_ENUM_CONVERSION = YES;
				CLANG_WARN_INFINITE_RECURSION = YES;
				CLANG_WARN_INT_CONVERSION = YES;
				CLANG_WARN_NON_LITERAL_NULL_CONVERSION = YES;
				CLANG_WARN_OBJC_IMPLICIT_RETAIN_SELF = YES;
				CLANG_WARN_OBJC_LITERAL_CONVERSION = YES;
				CLANG_WARN_OBJC_ROOT_CLASS = YES_ERROR;
				CLANG_WARN_QUOTED_INCLUDE_IN_FRAMEWORK_HEADER = YES;
				CLANG_WARN_RANGE_LOOP_ANALYSIS = YES;
				CLANG_WARN_STRICT_PROTOTYPES = YES;
				CLANG_WARN_SUSPICIOUS_MOVE = YES;
				CLANG_WARN_UNGUARDED_AVAILABILITY = YES_AGGRESSIVE;
				CLANG_WARN_UNREACHABLE_CODE = YES;
				CLANG_WARN__DUPLICATE_METHOD_MATCH = YES;
				CODE_SIGN_IDENTITY = "Developer ID Application";
				CODE_SIGN_STYLE = Manual;
				COPY_PHASE_STRIP = NO;
				CURRENT_PROJECT_VERSION = 1;
				DEAD_CODE_STRIPPING = YES;
				DEBUG_INFORMATION_FORMAT = "dwarf-with-dsym";
				DEPLOYMENT_POSTPROCESSING = YES;
				DEVELOPMENT_TEAM = Z66C58Z3RC;
				ENABLE_HARDENED_RUNTIME = YES;
				ENABLE_NS_ASSERTIONS = NO;
				ENABLE_STRICT_OBJC_MSGSEND = YES;
				GCC_C_LANGUAGE_STANDARD = gnu11;
				GCC_NO_COMMON_BLOCKS = YES;
				GCC_WARN_64_TO_32_BIT_CONVERSION = YES;
				GCC_WARN_ABOUT_RETURN_TYPE = YES_ERROR;
				GCC_WARN_UNDECLARED_SELECTOR = YES;
				GCC_WARN_UNINITIALIZED_AUTOS = YES_AGGRESSIVE;
				GCC_WARN_UNUSED_FUNCTION = YES;
				GCC_WARN_UNUSED_VARIABLE = YES;
				MACOSX_DEPLOYMENT_TARGET = 15.0;
				MARKETING_VERSION = 0.2.2;
				MTL_ENABLE_DEBUG_INFO = NO;
				MTL_FAST_MATH = YES;
				OTHER_CODE_SIGN_FLAGS = "--timestamp";
				PRODUCT_NAME = "$(TARGET_NAME)";
				SDKROOT = macosx;
				STRIP_INSTALLED_PRODUCT = YES;
				STRIP_SWIFT_SYMBOLS = YES;
				SWIFT_COMPILATION_MODE = wholemodule;
				SWIFT_OPTIMIZATION_LEVEL = "-O";
				SWIFT_STRICT_CONCURRENCY = complete;
				SWIFT_VERSION = 6.0;
			};
			name = Release;
		};
		61825631C68C26BEC934659A /* Release */ = {
			isa = XCBuildConfiguration;
			buildSettings = {
				ASSETCATALOG_COMPILER_APPICON_NAME = opencast;
				CODE_SIGN_ENTITLEMENTS = Opencast/Opencast.entitlements;
				COMBINE_HIDPI_IMAGES = YES;
				INFOPLIST_FILE = Opencast/Info.plist;
				LD_RUNPATH_SEARCH_PATHS = (
					"$(inherited)",
					"@executable_path/../Frameworks",
				);
				PRODUCT_BUNDLE_IDENTIFIER = com.opencast.app;
				SDKROOT = macosx;
			};
			name = Release;
		};
		87AC531AE58383DAAFF8E04C /* Debug */ = {
			isa = XCBuildConfiguration;
			buildSettings = {
				ASSETCATALOG_COMPILER_APPICON_NAME = opencast;
				CODE_SIGN_ENTITLEMENTS = Opencast/Opencast.entitlements;
				COMBINE_HIDPI_IMAGES = YES;
				INFOPLIST_FILE = Opencast/Info.plist;
				LD_RUNPATH_SEARCH_PATHS = (
					"$(inherited)",
					"@executable_path/../Frameworks",
				);
				PRODUCT_BUNDLE_IDENTIFIER = com.opencast.app.dev;
				PRODUCT_NAME = "Opencast Dev";
				SDKROOT = macosx;
			};
			name = Debug;
		};
/* End XCBuildConfiguration section */

/* Begin XCConfigurationList section */
		57FF116E295163D9F951C12E /* Build configuration list for PBXProject "Opencast" */ = {
			isa = XCConfigurationList;
			buildConfigurations = (
				0E1C821DBF10212167F0A513 /* Debug */,
				47784A9916C1173CAB490548 /* Release */,
			);
			defaultConfigurationIsVisible = 0;
			defaultConfigurationName = Debug;
		};
		D850CA85A4C25AB4EE6CAA37 /* Build configuration list for PBXNativeTarget "Opencast" */ = {
			isa = XCConfigurationList;
			buildConfigurations = (
				87AC531AE58383DAAFF8E04C /* Debug */,
				61825631C68C26BEC934659A /* Release */,
			);
			defaultConfigurationIsVisible = 0;
			defaultConfigurationName = Debug;
		};
/* End XCConfigurationList section */

/* Begin XCRemoteSwiftPackageReference section */
		9863BC567F4BAD29A0C37C40 /* XCRemoteSwiftPackageReference "Sparkle" */ = {
			isa = XCRemoteSwiftPackageReference;
			repositoryURL = "https://github.com/sparkle-project/Sparkle";
			requirement = {
				kind = upToNextMajorVersion;
				minimumVersion = 2.9.5;
			};
		};
/* End XCRemoteSwiftPackageReference section */

/* Begin XCSwiftPackageProductDependency section */
		89D6771874FF01BCCB785ED1 /* Sparkle */ = {
			isa = XCSwiftPackageProductDependency;
			package = 9863BC567F4BAD29A0C37C40 /* XCRemoteSwiftPackageReference "Sparkle" */;
			productName = Sparkle;
		};
/* End XCSwiftPackageProductDependency section */
	};
	rootObject = 4CCAD45C471DF25DEC9427DF /* Project object */;
}
